
Microsoft Visual Studio Solution File, Format Version 11.00
# Visual Studio 2010
Project("{FAE04EC0-301F-11D3-BF4B-00C04F79EFBC}") = "MvcPortal", "MvcPortal\MvcPortal.csproj", "{C366F39B-EFBA-4290-9093-3D9B5C92EF72}"
EndProject
Global
	GlobalSection(SolutionConfigurationPlatforms) = preSolution
		Debug|Any CPU = Debug|Any CPU
		Release|Any CPU = Release|Any CPU
	EndGlobalSection
	GlobalSection(ProjectConfigurationPlatforms) = postSolution
		{C366F39B-EFBA-4290-9093-3D9B5C92EF72}.Debug|Any CPU.ActiveCfg = Debug|Any CPU
		{C366F39B-EFBA-4290-9093-3D9B5C92EF72}.Debug|Any CPU.Build.0 = Debug|Any CPU
		{C366F39B-EFBA-4290-9093-3D9B5C92EF72}.Release|Any CPU.ActiveCfg = Release|Any CPU
		{C366F39B-EFBA-4290-9093-3D9B5C92EF72}.Release|Any CPU.Build.0 = Release|Any CPU
	EndGlobalSection
	GlobalSection(SolutionProperties) = preSolution
		HideSolutionNode = FALSE
	EndGlobalSection
EndGlobal
